
Microsoft Visual Studio Solution File, Format Version 12.00
# Visual Studio 15
VisualStudioVersion = 15.0.27703.2047
MinimumVisualStudioVersion = 10.0.40219.1
Project("{9A19103F-16F7-4668-BE54-9A1E7A4F7556}") = "Espeon", "Espeon\Espeon.csproj", "{2C1B38C8-4EA1-4A94-9BDC-03A7DF0190D6}"
EndProject
Project("{9A19103F-16F7-4668-BE54-9A1E7A4F7556}") = "Espeon.Core", "Espeon.Core\Espeon.Core.csproj", "{592F3FDD-EADB-419B-8F57-380ED8AD3A4D}"
EndProject
Project("{9A19103F-16F7-4668-BE54-9A1E7A4F7556}") = "Pusharp", "..\Pusharp\Pusharp\Pusharp.csproj", "{4B3B4984-03AA-462C-8B26-6E7F36F8E611}"
EndProject
Global
	GlobalSection(SolutionConfigurationPlatforms) = preSolution
		Debug|Any CPU = Debug|Any CPU
		Release|Any CPU = Release|Any CPU
	EndGlobalSection
	GlobalSection(ProjectConfigurationPlatforms) = postSolution
		{2C1B38C8-4EA1-4A94-9BDC-03A7DF0190D6}.Debug|Any CPU.ActiveCfg = Debug|Any CPU
		{2C1B38C8-4EA1-4A94-9BDC-03A7DF0190D6}.Debug|Any CPU.Build.0 = Debug|Any CPU
		{2C1B38C8-4EA1-4A94-9BDC-03A7DF0190D6}.Release|Any CPU.ActiveCfg = Release|Any CPU
		{2C1B38C8-4EA1-4A94-9BDC-03A7DF0190D6}.Release|Any CPU.Build.0 = Release|Any CPU
		{592F3FDD-EADB-419B-8F57-380ED8AD3A4D}.Debug|Any CPU.ActiveCfg = Debug|Any CPU
		{592F3FDD-EADB-419B-8F57-380ED8AD3A4D}.Debug|Any CPU.Build.0 = Debug|Any CPU
		{592F3FDD-EADB-419B-8F57-380ED8AD3A4D}.Release|Any CPU.ActiveCfg = Release|Any CPU
		{592F3FDD-EADB-419B-8F57-380ED8AD3A4D}.Release|Any CPU.Build.0 = Release|Any CPU
		{4B3B4984-03AA-462C-8B26-6E7F36F8E611}.Debug|Any CPU.ActiveCfg = Debug|Any CPU
		{4B3B4984-03AA-462C-8B26-6E7F36F8E611}.Debug|Any CPU.Build.0 = Debug|Any CPU
		{4B3B4984-03AA-462C-8B26-6E7F36F8E611}.Release|Any CPU.ActiveCfg = Release|Any CPU
		{4B3B4984-03AA-462C-8B26-6E7F36F8E611}.Release|Any CPU.Build.0 = Release|Any CPU
	EndGlobalSection
	GlobalSection(SolutionProperties) = preSolution
		HideSolutionNode = FALSE
	EndGlobalSection
	GlobalSection(ExtensibilityGlobals) = postSolution
		SolutionGuid = {0809142F-E90A-477E-BC0E-9D28E2D82686}
	EndGlobalSection
EndGlobal
