
Microsoft Visual Studio Solution File, Format Version 12.00
# Visual Studio 15
VisualStudioVersion = 15.0.27703.2035
MinimumVisualStudioVersion = 10.0.40219.1
Project("{9A19103F-16F7-4668-BE54-9A1E7A4F7556}") = "Umbreon", "Umbreon\Umbreon.csproj", "{2B68F6D0-87E5-45B0-B464-4F0ADB51D773}"
EndProject
Project("{9A19103F-16F7-4668-BE54-9A1E7A4F7556}") = "Discord.Addons.Interactive", "..\Discord.Addons.Interactive\Discord.Addons.Interactive.csproj", "{B8751A76-82E8-4033-AC13-2FEDF2CF9236}"
EndProject
Project("{9A19103F-16F7-4668-BE54-9A1E7A4F7556}") = "Discord.Net.Helpers", "..\Discord.Net.Helpers\Discord.Net.Helpers\Discord.Net.Helpers.csproj", "{5FFEDB34-1378-460A-A6E5-C9B53018D592}"
EndProject
Global
	GlobalSection(SolutionConfigurationPlatforms) = preSolution
		Debug|Any CPU = Debug|Any CPU
		Release|Any CPU = Release|Any CPU
	EndGlobalSection
	GlobalSection(ProjectConfigurationPlatforms) = postSolution
		{2B68F6D0-87E5-45B0-B464-4F0ADB51D773}.Debug|Any CPU.ActiveCfg = Debug|Any CPU
		{2B68F6D0-87E5-45B0-B464-4F0ADB51D773}.Debug|Any CPU.Build.0 = Debug|Any CPU
		{2B68F6D0-87E5-45B0-B464-4F0ADB51D773}.Release|Any CPU.ActiveCfg = Release|Any CPU
		{2B68F6D0-87E5-45B0-B464-4F0ADB51D773}.Release|Any CPU.Build.0 = Release|Any CPU
		{B8751A76-82E8-4033-AC13-2FEDF2CF9236}.Debug|Any CPU.ActiveCfg = Debug|Any CPU
		{B8751A76-82E8-4033-AC13-2FEDF2CF9236}.Debug|Any CPU.Build.0 = Debug|Any CPU
		{B8751A76-82E8-4033-AC13-2FEDF2CF9236}.Release|Any CPU.ActiveCfg = Release|Any CPU
		{B8751A76-82E8-4033-AC13-2FEDF2CF9236}.Release|Any CPU.Build.0 = Release|Any CPU
		{5FFEDB34-1378-460A-A6E5-C9B53018D592}.Debug|Any CPU.ActiveCfg = Debug|Any CPU
		{5FFEDB34-1378-460A-A6E5-C9B53018D592}.Debug|Any CPU.Build.0 = Debug|Any CPU
		{5FFEDB34-1378-460A-A6E5-C9B53018D592}.Release|Any CPU.ActiveCfg = Release|Any CPU
		{5FFEDB34-1378-460A-A6E5-C9B53018D592}.Release|Any CPU.Build.0 = Release|Any CPU
	EndGlobalSection
	GlobalSection(SolutionProperties) = preSolution
		HideSolutionNode = FALSE
	EndGlobalSection
	GlobalSection(ExtensibilityGlobals) = postSolution
		SolutionGuid = {7F753F0D-F0D9-4478-AB2B-BC8B3BA4B16B}
	EndGlobalSection
EndGlobal
